dependencies:
- name: metrics-server
  repository: https://kubernetes-sigs.github.io/metrics-server/
  version: 3.8.3
- name: prometheus
  repository: https://prometheus-community.github.io/helm-charts/
  version: 19.1.0
- name: prometheus-adapter
  repository: https://prometheus-community.github.io/helm-charts/
  version: 3.5.0
digest: sha256:1dc4e25034780c2b32bfc319a5ce47518543410796da17f0fd31f2b718c24529
generated: "2022-12-25T13:30:52.054452+02:00"
